
Microsoft Visual Studio Solution File, Format Version 12.00
# Visual Studio Version 17
VisualStudioVersion = 17.7.34031.279
MinimumVisualStudioVersion = 10.0.40219.1
Project("{8BC9CEB8-8B4A-11D0-8D11-00A0C91BC942}") = "client", "client\Client.vcxproj", "{F55EB91F-53DC-4D0E-8834-F58DACFD8687}"
	ProjectSection(ProjectDependencies) = postProject
		{37BB007A-3CFE-45D0-BE67-F5BCF7226C35} = {37BB007A-3CFE-45D0-BE67-F5BCF7226C35}
	EndProjectSection
EndProject
Project("{8BC9CEB8-8B4A-11D0-8D11-00A0C91BC942}") = "engine", "engine\engine.vcxproj", "{37BB007A-3CFE-45D0-BE67-F5BCF7226C35}"
EndProject
Global
	GlobalSection(SolutionConfigurationPlatforms) = preSolution
		Debug|x64 = Debug|x64
		Debug|x86 = Debug|x86
		Release|x64 = Release|x64
		Release|x86 = Release|x86
	EndGlobalSection
	GlobalSection(ProjectConfigurationPlatforms) = postSolution
		{F55EB91F-53DC-4D0E-8834-F58DACFD8687}.Debug|x64.ActiveCfg = Debug|x64
		{F55EB91F-53DC-4D0E-8834-F58DACFD8687}.Debug|x64.Build.0 = Debug|x64
		{F55EB91F-53DC-4D0E-8834-F58DACFD8687}.Debug|x86.ActiveCfg = Debug|Win32
		{F55EB91F-53DC-4D0E-8834-F58DACFD8687}.Debug|x86.Build.0 = Debug|Win32
		{F55EB91F-53DC-4D0E-8834-F58DACFD8687}.Release|x64.ActiveCfg = Release|x64
		{F55EB91F-53DC-4D0E-8834-F58DACFD8687}.Release|x64.Build.0 = Release|x64
		{F55EB91F-53DC-4D0E-8834-F58DACFD8687}.Release|x86.ActiveCfg = Release|Win32
		{F55EB91F-53DC-4D0E-8834-F58DACFD8687}.Release|x86.Build.0 = Release|Win32
		{37BB007A-3CFE-45D0-BE67-F5BCF7226C35}.Debug|x64.ActiveCfg = Debug|x64
		{37BB007A-3CFE-45D0-BE67-F5BCF7226C35}.Debug|x64.Build.0 = Debug|x64
		{37BB007A-3CFE-45D0-BE67-F5BCF7226C35}.Debug|x86.ActiveCfg = Debug|Win32
		{37BB007A-3CFE-45D0-BE67-F5BCF7226C35}.Debug|x86.Build.0 = Debug|Win32
		{37BB007A-3CFE-45D0-BE67-F5BCF7226C35}.Release|x64.ActiveCfg = Release|x64
		{37BB007A-3CFE-45D0-BE67-F5BCF7226C35}.Release|x64.Build.0 = Release|x64
		{37BB007A-3CFE-45D0-BE67-F5BCF7226C35}.Release|x86.ActiveCfg = Release|Win32
		{37BB007A-3CFE-45D0-BE67-F5BCF7226C35}.Release|x86.Build.0 = Release|Win32
	EndGlobalSection
	GlobalSection(SolutionProperties) = preSolution
		HideSolutionNode = FALSE
	EndGlobalSection
	GlobalSection(ExtensibilityGlobals) = postSolution
		SolutionGuid = {C841421D-6E84-4341-9AD0-8C2CE95C309E}
	EndGlobalSection
EndGlobal
